// !$*UTF8*$!
{
	archiveVersion = 1;
	classes = {
	};
	objectVersion = 77;
	objects = {

/* Begin PBXBuildFile section */
		135AA3C8B21EE3EB07A8AAE4 /* SearchEngineTests.swift in Sources */ = {isa = PBXBuildFile; fileRef = D63648508AEA2ACB0F7BCDDD /* SearchEngineTests.swift */; };
		166BD26C289EAE0B4FD461C5 /* AppDelegate.swift in Sources */ = {isa = PBXBuildFile; fileRef = EC3A9241B5D63D068707EF09 /* AppDelegate.swift */; };
		3939D269C68E42DE0A09C94F /* ActionRunnerTests.swift in Sources */ = {isa = PBXBuildFile; fileRef = B7944FCFFBA909E44EAF21AC /* ActionRunnerTests.swift */; };
		4514E5C97EECF84A261E6E63 /* ResultCellView.swift in Sources */ = {isa = PBXBuildFile; fileRef = AD929C7F19A991710097AAC0 /* ResultCellView.swift */; };
		51B1191B7F843D7F1C9FDB1D /* LoginItemManager.swift in Sources */ = {isa = PBXBuildFile; fileRef = 61CF9605DDF59CA2E940A182 /* LoginItemManager.swift */; };
		5DD8AE5D505A2BCA1C706F92 /* MenuBarController.swift in Sources */ = {isa = PBXBuildFile; fileRef = EEBD744E7875E5726FEA063D /* MenuBarController.swift */; };
		6E33D81E0E908BAC06B92877 /* SearchEngine.swift in Sources */ = {isa = PBXBuildFile; fileRef = C4059E2BBEF1821AA52D0A3E /* SearchEngine.swift */; };
		6E8411F8E6BA8D7FA629D3C2 /* ConfigWriterTests.swift in Sources */ = {isa = PBXBuildFile; fileRef = 9638B6D6946F399E5A49AC61 /* ConfigWriterTests.swift */; };
		801041A923BEA9B944E9EEB7 /* LeoApp.swift in Sources */ = {isa = PBXBuildFile; fileRef = 9B89F00E16FD6E844CC70D5A /* LeoApp.swift */; };
		929ACF5783DFA6EEC13FB3CF /* HotKey in Frameworks */ = {isa = PBXBuildFile; productRef = 4B6A0AD02B5A7426A1595561 /* HotKey */; };
		96B3DB29910F4EFD3EA04C4F /* Action.swift in Sources */ = {isa = PBXBuildFile; fileRef = 8B3CDFC03B9EBBAB10E10A48 /* Action.swift */; };
		9B1275076EDFF23F52501C6A /* ConfigLoader.swift in Sources */ = {isa = PBXBuildFile; fileRef = 55881793340B00F201D0E502 /* ConfigLoader.swift */; };
		9C37FB0FC1DDFCDAC53485EE /* SearchViewController.swift in Sources */ = {isa = PBXBuildFile; fileRef = 5E6B2507A8233D4DF03FF117 /* SearchViewController.swift */; };
		A417AD486C3BE5BEB0C3A5B0 /* ActionRunner.swift in Sources */ = {isa = PBXBuildFile; fileRef = AC41B059802E3FB59F7E4088 /* ActionRunner.swift */; };
		B3558767F67B9B4BB3162866 /* ConfigLoaderTests.swift in Sources */ = {isa = PBXBuildFile; fileRef = 11FF33D7D02F3FE036F9A8B0 /* ConfigLoaderTests.swift */; };
		BA4ED5E83D9AAB2BEAD938BC /* ActionTests.swift in Sources */ = {isa = PBXBuildFile; fileRef = A7A98C1BCEB60DE884E57FE7 /* ActionTests.swift */; };
		C698F5CCB9F4A50DDB2EE341 /* HotKeyManager.swift in Sources */ = {isa = PBXBuildFile; fileRef = 2E73A88BF77B1EF0968528CF /* HotKeyManager.swift */; };
		C6E747D9408034D85437CC85 /* SearchWindow.swift in Sources */ = {isa = PBXBuildFile; fileRef = B7578D01880733CBF7552327 /* SearchWindow.swift */; };
		DFD6A12202FE5D09D0736615 /* SearchResult.swift in Sources */ = {isa = PBXBuildFile; fileRef = 1DD0E42E13A3382ECDFA757A /* SearchResult.swift */; };
		F22E53C0DEDAEA86B48CACB4 /* ConfigWriter.swift in Sources */ = {isa = PBXBuildFile; fileRef = 927C0C29B4A68F84B83D001D /* ConfigWriter.swift */; };
/* End PBXBuildFile section */

/* Begin PBXContainerItemProxy section */
		F40D3780FFEC9A2DEDD3E4B6 /* PBXContainerItemProxy */ = {
			isa = PBXContainerItemProxy;
			containerPortal = 2468BBBB006AD3FECCD49385 /* Project object */;
			proxyType = 1;
			remoteGlobalIDString = F1508DE32DA9238026314843;
			remoteInfo = Leo;
		};
/* End PBXContainerItemProxy section */

/* Begin PBXFileReference section */
		11FF33D7D02F3FE036F9A8B0 /* ConfigLoaderTests.swift */ = {isa = PBXFileReference; lastKnownFileType = sourcecode.swift; path = ConfigLoaderTests.swift; sourceTree = "<group>"; };
		1A4E6B31F92DE3F7B7083BE5 /* Leo.entitlements */ = {isa = PBXFileReference; lastKnownFileType = text.plist.entitlements; path = Leo.entitlements; sourceTree = "<group>"; };
		1DD0E42E13A3382ECDFA757A /* SearchResult.swift */ = {isa = PBXFileReference; lastKnownFileType = sourcecode.swift; path = SearchResult.swift; sourceTree = "<group>"; };
		2E73A88BF77B1EF0968528CF /* HotKeyManager.swift */ = {isa = PBXFileReference; lastKnownFileType = sourcecode.swift; path = HotKeyManager.swift; sourceTree = "<group>"; };
		5110F32209D0D9E2AAFE59CB /* Info.plist */ = {isa = PBXFileReference; lastKnownFileType = text.plist; path = Info.plist; sourceTree = "<group>"; };
		55881793340B00F201D0E502 /* ConfigLoader.swift */ = {isa = PBXFileReference; lastKnownFileType = sourcecode.swift; path = ConfigLoader.swift; sourceTree = "<group>"; };
		5E6B2507A8233D4DF03FF117 /* SearchViewController.swift */ = {isa = PBXFileReference; lastKnownFileType = sourcecode.swift; path = SearchViewController.swift; sourceTree = "<group>"; };
		61CF9605DDF59CA2E940A182 /* LoginItemManager.swift */ = {isa = PBXFileReference; lastKnownFileType = sourcecode.swift; path = LoginItemManager.swift; sourceTree = "<group>"; };
		6B48EC9D98C80D8F978F2F0A /* LeoTests.xctest */ = {isa = PBXFileReference; explicitFileType = wrapper.cfbundle; includeInIndex = 0; path = LeoTests.xctest; sourceTree = BUILT_PRODUCTS_DIR; };
		8B3CDFC03B9EBBAB10E10A48 /* Action.swift */ = {isa = PBXFileReference; lastKnownFileType = sourcecode.swift; path = Action.swift; sourceTree = "<group>"; };
		927C0C29B4A68F84B83D001D /* ConfigWriter.swift */ = {isa = PBXFileReference; lastKnownFileType = sourcecode.swift; path = ConfigWriter.swift; sourceTree = "<group>"; };
		9638B6D6946F399E5A49AC61 /* ConfigWriterTests.swift */ = {isa = PBXFileReference; lastKnownFileType = sourcecode.swift; path = ConfigWriterTests.swift; sourceTree = "<group>"; };
		9B89F00E16FD6E844CC70D5A /* LeoApp.swift */ = {isa = PBXFileReference; lastKnownFileType = sourcecode.swift; path = LeoApp.swift; sourceTree = "<group>"; };
		A7A98C1BCEB60DE884E57FE7 /* ActionTests.swift */ = {isa = PBXFileReference; lastKnownFileType = sourcecode.swift; path = ActionTests.swift; sourceTree = "<group>"; };
		AC41B059802E3FB59F7E4088 /* ActionRunner.swift */ = {isa = PBXFileReference; lastKnownFileType = sourcecode.swift; path = ActionRunner.swift; sourceTree = "<group>"; };
		AD929C7F19A991710097AAC0 /* ResultCellView.swift */ = {isa = PBXFileReference; lastKnownFileType = sourcecode.swift; path = ResultCellView.swift; sourceTree = "<group>"; };
		B7578D01880733CBF7552327 /* SearchWindow.swift */ = {isa = PBXFileReference; lastKnownFileType = sourcecode.swift; path = SearchWindow.swift; sourceTree = "<group>"; };
		B7944FCFFBA909E44EAF21AC /* ActionRunnerTests.swift */ = {isa = PBXFileReference; lastKnownFileType = sourcecode.swift; path = ActionRunnerTests.swift; sourceTree = "<group>"; };
		C4059E2BBEF1821AA52D0A3E /* SearchEngine.swift */ = {isa = PBXFileReference; lastKnownFileType = sourcecode.swift; path = SearchEngine.swift; sourceTree = "<group>"; };
		D1A1F7D0633E46F1B7A239E2 /* Leo.app */ = {isa = PBXFileReference; explicitFileType = wrapper.application; includeInIndex = 0; path = Leo.app; sourceTree = BUILT_PRODUCTS_DIR; };
		D63648508AEA2ACB0F7BCDDD /* SearchEngineTests.swift */ = {isa = PBXFileReference; lastKnownFileType = sourcecode.swift; path = SearchEngineTests.swift; sourceTree = "<group>"; };
		EC3A9241B5D63D068707EF09 /* AppDelegate.swift */ = {isa = PBXFileReference; lastKnownFileType = sourcecode.swift; path = AppDelegate.swift; sourceTree = "<group>"; };
		EEBD744E7875E5726FEA063D /* MenuBarController.swift */ = {isa = PBXFileReference; lastKnownFileType = sourcecode.swift; path = MenuBarController.swift; sourceTree = "<group>"; };
/* End PBXFileReference section */

/* Begin PBXFrameworksBuildPhase section */
		95BC16C6CBC3815D92CC9825 /* Frameworks */ = {
			isa = PBXFrameworksBuildPhase;
			buildActionMask = 2147483647;
			files = (
				929ACF5783DFA6EEC13FB3CF /* HotKey in Frameworks */,
			);
			runOnlyForDeploymentPostprocessing = 0;
		};
/* End PBXFrameworksBuildPhase section */

/* Begin PBXGroup section */
		1AD1381595C787AC29D59663 /* Search */ = {
			isa = PBXGroup;
			children = (
				C4059E2BBEF1821AA52D0A3E /* SearchEngine.swift */,
				1DD0E42E13A3382ECDFA757A /* SearchResult.swift */,
			);
			path = Search;
			sourceTree = "<group>";
		};
		424D8050B0C0D04486A095AF /* LeoTests */ = {
			isa = PBXGroup;
			children = (
				B7944FCFFBA909E44EAF21AC /* ActionRunnerTests.swift */,
				A7A98C1BCEB60DE884E57FE7 /* ActionTests.swift */,
				11FF33D7D02F3FE036F9A8B0 /* ConfigLoaderTests.swift */,
				9638B6D6946F399E5A49AC61 /* ConfigWriterTests.swift */,
				D63648508AEA2ACB0F7BCDDD /* SearchEngineTests.swift */,
			);
			path = LeoTests;
			sourceTree = "<group>";
		};
		4F9B202D0FFDDED60983B5E0 /* Actions */ = {
			isa = PBXGroup;
			children = (
				AC41B059802E3FB59F7E4088 /* ActionRunner.swift */,
			);
			path = Actions;
			sourceTree = "<group>";
		};
		A53F5A9B862010D618686362 = {
			isa = PBXGroup;
			children = (
				A7DC75B903E2C1744431D78B /* Leo */,
				424D8050B0C0D04486A095AF /* LeoTests */,
				B2CCE2026F7650F130A59805 /* Products */,
			);
			sourceTree = "<group>";
		};
		A7DC75B903E2C1744431D78B /* Leo */ = {
			isa = PBXGroup;
			children = (
				EC3A9241B5D63D068707EF09 /* AppDelegate.swift */,
				5110F32209D0D9E2AAFE59CB /* Info.plist */,
				1A4E6B31F92DE3F7B7083BE5 /* Leo.entitlements */,
				9B89F00E16FD6E844CC70D5A /* LeoApp.swift */,
				4F9B202D0FFDDED60983B5E0 /* Actions */,
				F26E71E78F265D9B709E6268 /* Config */,
				1AD1381595C787AC29D59663 /* Search */,
				AA474E604C108D31F3D9F3F1 /* System */,
				D55E1FE083D46E9AFF2AA5B9 /* UI */,
			);
			path = Leo;
			sourceTree = "<group>";
		};
		AA474E604C108D31F3D9F3F1 /* System */ = {
			isa = PBXGroup;
			children = (
				2E73A88BF77B1EF0968528CF /* HotKeyManager.swift */,
				61CF9605DDF59CA2E940A182 /* LoginItemManager.swift */,
				EEBD744E7875E5726FEA063D /* MenuBarController.swift */,
			);
			path = System;
			sourceTree = "<group>";
		};
		B2CCE2026F7650F130A59805 /* Products */ = {
			isa = PBXGroup;
			children = (
				D1A1F7D0633E46F1B7A239E2 /* Leo.app */,
				6B48EC9D98C80D8F978F2F0A /* LeoTests.xctest */,
			);
			name = Products;
			sourceTree = "<group>";
		};
		D55E1FE083D46E9AFF2AA5B9 /* UI */ = {
			isa = PBXGroup;
			children = (
				AD929C7F19A991710097AAC0 /* ResultCellView.swift */,
				5E6B2507A8233D4DF03FF117 /* SearchViewController.swift */,
				B7578D01880733CBF7552327 /* SearchWindow.swift */,
			);
			path = UI;
			sourceTree = "<group>";
		};
		F26E71E78F265D9B709E6268 /* Config */ = {
			isa = PBXGroup;
			children = (
				8B3CDFC03B9EBBAB10E10A48 /* Action.swift */,
				55881793340B00F201D0E502 /* ConfigLoader.swift */,
				927C0C29B4A68F84B83D001D /* ConfigWriter.swift */,
			);
			path = Config;
			sourceTree = "<group>";
		};
/* End PBXGroup section */

/* Begin PBXNativeTarget section */
		F1508DE32DA9238026314843 /* Leo */ = {
			isa = PBXNativeTarget;
			buildConfigurationList = 270E99E7A1237D30D017D694 /* Build configuration list for PBXNativeTarget "Leo" */;
			buildPhases = (
				F6B201CF8ED31582BE499261 /* Sources */,
				95BC16C6CBC3815D92CC9825 /* Frameworks */,
			);
			buildRules = (
			);
			dependencies = (
			);
			name = Leo;
			packageProductDependencies = (
				4B6A0AD02B5A7426A1595561 /* HotKey */,
			);
			productName = Leo;
			productReference = D1A1F7D0633E46F1B7A239E2 /* Leo.app */;
			productType = "com.apple.product-type.application";
		};
		F897C341C358D6B3DC09BD2F /* LeoTests */ = {
			isa = PBXNativeTarget;
			buildConfigurationList = 1EDDB32B4838516063AC53AD /* Build configuration list for PBXNativeTarget "LeoTests" */;
			buildPhases = (
				164558E39DF433B7F6839E26 /* Sources */,
			);
			buildRules = (
			);
			dependencies = (
				DB6F1D695E339D03F2CC54C7 /* PBXTargetDependency */,
			);
			name = LeoTests;
			packageProductDependencies = (
			);
			productName = LeoTests;
			productReference = 6B48EC9D98C80D8F978F2F0A /* LeoTests.xctest */;
			productType = "com.apple.product-type.bundle.unit-test";
		};
/* End PBXNativeTarget section */

/* Begin PBXProject section */
		2468BBBB006AD3FECCD49385 /* Project object */ = {
			isa = PBXProject;
			attributes = {
				BuildIndependentTargetsInParallel = YES;
				LastUpgradeCheck = 1430;
				TargetAttributes = {
					F1508DE32DA9238026314843 = {
						ProvisioningStyle = Automatic;
					};
				};
			};
			buildConfigurationList = 14EBADBF4FF5C49D302579D6 /* Build configuration list for PBXProject "Leo" */;
			compatibilityVersion = "Xcode 14.0";
			developmentRegion = en;
			hasScannedForEncodings = 0;
			knownRegions = (
				Base,
				en,
			);
			mainGroup = A53F5A9B862010D618686362;
			minimizedProjectReferenceProxies = 1;
			packageReferences = (
				5F14765090AD0083360C62D8 /* XCRemoteSwiftPackageReference "HotKey" */,
			);
			preferredProjectObjectVersion = 77;
			projectDirPath = "";
			projectRoot = "";
			targets = (
				F1508DE32DA9238026314843 /* Leo */,
				F897C341C358D6B3DC09BD2F /* LeoTests */,
			);
		};
/* End PBXProject section */

/* Begin PBXSourcesBuildPhase section */
		164558E39DF433B7F6839E26 /* Sources */ = {
			isa = PBXSourcesBuildPhase;
			buildActionMask = 2147483647;
			files = (
				3939D269C68E42DE0A09C94F /* ActionRunnerTests.swift in Sources */,
				BA4ED5E83D9AAB2BEAD938BC /* ActionTests.swift in Sources */,
				B3558767F67B9B4BB3162866 /* ConfigLoaderTests.swift in Sources */,
				6E8411F8E6BA8D7FA629D3C2 /* ConfigWriterTests.swift in Sources */,
				135AA3C8B21EE3EB07A8AAE4 /* SearchEngineTests.swift in Sources */,
			);
			runOnlyForDeploymentPostprocessing = 0;
		};
		F6B201CF8ED31582BE499261 /* Sources */ = {
			isa = PBXSourcesBuildPhase;
			buildActionMask = 2147483647;
			files = (
				96B3DB29910F4EFD3EA04C4F /* Action.swift in Sources */,
				A417AD486C3BE5BEB0C3A5B0 /* ActionRunner.swift in Sources */,
				166BD26C289EAE0B4FD461C5 /* AppDelegate.swift in Sources */,
				9B1275076EDFF23F52501C6A /* ConfigLoader.swift in Sources */,
				F22E53C0DEDAEA86B48CACB4 /* ConfigWriter.swift in Sources */,
				C698F5CCB9F4A50DDB2EE341 /* HotKeyManager.swift in Sources */,
				801041A923BEA9B944E9EEB7 /* LeoApp.swift in Sources */,
				51B1191B7F843D7F1C9FDB1D /* LoginItemManager.swift in Sources */,
				5DD8AE5D505A2BCA1C706F92 /* MenuBarController.swift in Sources */,
				4514E5C97EECF84A261E6E63 /* ResultCellView.swift in Sources */,
				6E33D81E0E908BAC06B92877 /* SearchEngine.swift in Sources */,
				DFD6A12202FE5D09D0736615 /* SearchResult.swift in Sources */,
				9C37FB0FC1DDFCDAC53485EE /* SearchViewController.swift in Sources */,
				C6E747D9408034D85437CC85 /* SearchWindow.swift in Sources */,
			);
			runOnlyForDeploymentPostprocessing = 0;
		};
/* End PBXSourcesBuildPhase section */

/* Begin PBXTargetDependency section */
		DB6F1D695E339D03F2CC54C7 /* PBXTargetDependency */ = {
			isa = PBXTargetDependency;
			target = F1508DE32DA9238026314843 /* Leo */;
			targetProxy = F40D3780FFEC9A2DEDD3E4B6 /* PBXContainerItemProxy */;
		};
/* End PBXTargetDependency section */

/* Begin XCBuildConfiguration section */
		0C381AC236B94A2BB53A7659 /* Release */ = {
			isa = XCBuildConfiguration;
			buildSettings = {
				ALWAYS_SEARCH_USER_PATHS = NO;
				CLANG_ANALYZER_NONNULL = YES;
				CLANG_ANALYZER_NUMBER_OBJECT_CONVERSION = YES_AGGRESSIVE;
				CLANG_CXX_LANGUAGE_STANDARD = "gnu++14";
				CLANG_CXX_LIBRARY = "libc++";
				CLANG_ENABLE_MODULES = YES;
				CLANG_ENABLE_OBJC_ARC = YES;
				CLANG_ENABLE_OBJC_WEAK = YES;
				CLANG_WARN_BLOCK_CAPTURE_AUTORELEASING = YES;
				CLANG_WARN_BOOL_CONVERSION = YES;
				CLANG_WARN_COMMA = YES;
				CLANG_WARN_CONSTANT_CONVERSION = YES;
				CLANG_WARN_DEPRECATED_OBJC_IMPLEMENTATIONS = YES;
				CLANG_WARN_DIRECT_OBJC_ISA_USAGE = YES_ERROR;
				CLANG_WARN_DOCUMENTATION_COMMENTS = YES;
				CLANG_WARN_EMPTY_BODY = YES;
				CLANG_WARN_ENUM_CONVERSION = YES;
				CLANG_WARN_INFINITE_RECURSION = YES;
				CLANG_WARN_INT_CONVERSION = YES;
				CLANG_WARN_NON_LITERAL_NULL_CONVERSION = YES;
				CLANG_WARN_OBJC_IMPLICIT_RETAIN_SELF = YES;
				CLANG_WARN_OBJC_LITERAL_CONVERSION = YES;
				CLANG_WARN_OBJC_ROOT_CLASS = YES_ERROR;
				CLANG_WARN_QUOTED_INCLUDE_IN_FRAMEWORK_HEADER = YES;
				CLANG_WARN_RANGE_LOOP_ANALYSIS = YES;
				CLANG_WARN_STRICT_PROTOTYPES = YES;
				CLANG_WARN_SUSPICIOUS_MOVE = YES;
				CLANG_WARN_UNGUARDED_AVAILABILITY = YES_AGGRESSIVE;
				CLANG_WARN_UNREACHABLE_CODE = YES;
				CLANG_WARN__DUPLICATE_METHOD_MATCH = YES;
				COPY_PHASE_STRIP = NO;
				DEBUG_INFORMATION_FORMAT = "dwarf-with-dsym";
				ENABLE_NS_ASSERTIONS = NO;
				ENABLE_STRICT_OBJC_MSGSEND = YES;
				GCC_C_LANGUAGE_STANDARD = gnu11;
				GCC_NO_COMMON_BLOCKS = YES;
				GCC_WARN_64_TO_32_BIT_CONVERSION = YES;
				GCC_WARN_ABOUT_RETURN_TYPE = YES_ERROR;
				GCC_WARN_UNDECLARED_SELECTOR = YES;
				GCC_WARN_UNINITIALIZED_AUTOS = YES_AGGRESSIVE;
				GCC_WARN_UNUSED_FUNCTION = YES;
				GCC_WARN_UNUSED_VARIABLE = YES;
				MACOSX_DEPLOYMENT_TARGET = 13.0;
				MTL_ENABLE_DEBUG_INFO = NO;
				MTL_FAST_MATH = YES;
				PRODUCT_NAME = "$(TARGET_NAME)";
				SDKROOT = macosx;
				SWIFT_COMPILATION_MODE = wholemodule;
				SWIFT_OPTIMIZATION_LEVEL = "-O";
				SWIFT_VERSION = 5.9;
			};
			name = Release;
		};
		1F41DFCB529776B02FF12440 /* Release */ = {
			isa = XCBuildConfiguration;
			buildSettings = {
				ASSETCATALOG_COMPILER_APPICON_NAME = AppIcon;
				CODE_SIGN_ENTITLEMENTS = Leo/Leo.entitlements;
				CODE_SIGN_STYLE = Automatic;
				COMBINE_HIDPI_IMAGES = YES;
				ENABLE_HARDENED_RUNTIME = YES;
				GENERATE_INFOPLIST_FILE = NO;
				INFOPLIST_FILE = Leo/Info.plist;
				LD_RUNPATH_SEARCH_PATHS = (
					"$(inherited)",
					"@executable_path/../Frameworks",
				);
				PRODUCT_BUNDLE_IDENTIFIER = com.kisoo.leo;
				SDKROOT = macosx;
			};
			name = Release;
		};
		8FB6804BCDA72FC2A5148109 /* Debug */ = {
			isa = XCBuildConfiguration;
			buildSettings = {
				BUNDLE_LOADER = "$(TEST_HOST)";
				COMBINE_HIDPI_IMAGES = YES;
				GENERATE_INFOPLIST_FILE = YES;
				LD_RUNPATH_SEARCH_PATHS = (
					"$(inherited)",
					"@executable_path/../Frameworks",
					"@loader_path/../Frameworks",
				);
				PRODUCT_BUNDLE_IDENTIFIER = com.kisoo.leo.tests;
				SDKROOT = macosx;
				TEST_HOST = "$(BUILT_PRODUCTS_DIR)/Leo.app/Contents/MacOS/Leo";
			};
			name = Debug;
		};
		90121B9C1C728DC8DEB64EAC /* Debug */ = {
			isa = XCBuildConfiguration;
			buildSettings = {
				ASSETCATALOG_COMPILER_APPICON_NAME = AppIcon;
				CODE_SIGN_ENTITLEMENTS = Leo/Leo.entitlements;
				CODE_SIGN_STYLE = Automatic;
				COMBINE_HIDPI_IMAGES = YES;
				ENABLE_HARDENED_RUNTIME = YES;
				GENERATE_INFOPLIST_FILE = NO;
				INFOPLIST_FILE = Leo/Info.plist;
				LD_RUNPATH_SEARCH_PATHS = (
					"$(inherited)",
					"@executable_path/../Frameworks",
				);
				PRODUCT_BUNDLE_IDENTIFIER = com.kisoo.leo;
				SDKROOT = macosx;
			};
			name = Debug;
		};
		E43ED4CBDFD29432E5BF527A /* Release */ = {
			isa = XCBuildConfiguration;
			buildSettings = {
				BUNDLE_LOADER = "$(TEST_HOST)";
				COMBINE_HIDPI_IMAGES = YES;
				GENERATE_INFOPLIST_FILE = YES;
				LD_RUNPATH_SEARCH_PATHS = (
					"$(inherited)",
					"@executable_path/../Frameworks",
					"@loader_path/../Frameworks",
				);
				PRODUCT_BUNDLE_IDENTIFIER = com.kisoo.leo.tests;
				SDKROOT = macosx;
				TEST_HOST = "$(BUILT_PRODUCTS_DIR)/Leo.app/Contents/MacOS/Leo";
			};
			name = Release;
		};
		FC2B9C3B3F55C0DB7C75A4B5 /* Debug */ = {
			isa = XCBuildConfiguration;
			buildSettings = {
				ALWAYS_SEARCH_USER_PATHS = NO;
				CLANG_ANALYZER_NONNULL = YES;
				CLANG_ANALYZER_NUMBER_OBJECT_CONVERSION = YES_AGGRESSIVE;
				CLANG_CXX_LANGUAGE_STANDARD = "gnu++14";
				CLANG_CXX_LIBRARY = "libc++";
				CLANG_ENABLE_MODULES = YES;
				CLANG_ENABLE_OBJC_ARC = YES;
				CLANG_ENABLE_OBJC_WEAK = YES;
				CLANG_WARN_BLOCK_CAPTURE_AUTORELEASING = YES;
				CLANG_WARN_BOOL_CONVERSION = YES;
				CLANG_WARN_COMMA = YES;
				CLANG_WARN_CONSTANT_CONVERSION = YES;
				CLANG_WARN_DEPRECATED_OBJC_IMPLEMENTATIONS = YES;
				CLANG_WARN_DIRECT_OBJC_ISA_USAGE = YES_ERROR;
				CLANG_WARN_DOCUMENTATION_COMMENTS = YES;
				CLANG_WARN_EMPTY_BODY = YES;
				CLANG_WARN_ENUM_CONVERSION = YES;
				CLANG_WARN_INFINITE_RECURSION = YES;
				CLANG_WARN_INT_CONVERSION = YES;
				CLANG_WARN_NON_LITERAL_NULL_CONVERSION = YES;
				CLANG_WARN_OBJC_IMPLICIT_RETAIN_SELF = YES;
				CLANG_WARN_OBJC_LITERAL_CONVERSION = YES;
				CLANG_WARN_OBJC_ROOT_CLASS = YES_ERROR;
				CLANG_WARN_QUOTED_INCLUDE_IN_FRAMEWORK_HEADER = YES;
				CLANG_WARN_RANGE_LOOP_ANALYSIS = YES;
				CLANG_WARN_STRICT_PROTOTYPES = YES;
				CLANG_WARN_SUSPICIOUS_MOVE = YES;
				CLANG_WARN_UNGUARDED_AVAILABILITY = YES_AGGRESSIVE;
				CLANG_WARN_UNREACHABLE_CODE = YES;
				CLANG_WARN__DUPLICATE_METHOD_MATCH = YES;
				COPY_PHASE_STRIP = NO;
				DEBUG_INFORMATION_FORMAT = dwarf;
				ENABLE_STRICT_OBJC_MSGSEND = YES;
				ENABLE_TESTABILITY = YES;
				GCC_C_LANGUAGE_STANDARD = gnu11;
				GCC_DYNAMIC_NO_PIC = NO;
				GCC_NO_COMMON_BLOCKS = YES;
				GCC_OPTIMIZATION_LEVEL = 0;
				GCC_PREPROCESSOR_DEFINITIONS = (
					"$(inherited)",
					"DEBUG=1",
				);
				GCC_WARN_64_TO_32_BIT_CONVERSION = YES;
				GCC_WARN_ABOUT_RETURN_TYPE = YES_ERROR;
				GCC_WARN_UNDECLARED_SELECTOR = YES;
				GCC_WARN_UNINITIALIZED_AUTOS = YES_AGGRESSIVE;
				GCC_WARN_UNUSED_FUNCTION = YES;
				GCC_WARN_UNUSED_VARIABLE = YES;
				MACOSX_DEPLOYMENT_TARGET = 13.0;
				MTL_ENABLE_DEBUG_INFO = INCLUDE_SOURCE;
				MTL_FAST_MATH = YES;
				ONLY_ACTIVE_ARCH = YES;
				PRODUCT_NAME = "$(TARGET_NAME)";
				SDKROOT = macosx;
				SWIFT_ACTIVE_COMPILATION_CONDITIONS = DEBUG;
				SWIFT_OPTIMIZATION_LEVEL = "-Onone";
				SWIFT_VERSION = 5.9;
			};
			name = Debug;
		};
/* End XCBuildConfiguration section */

/* Begin XCConfigurationList section */
		14EBADBF4FF5C49D302579D6 /* Build configuration list for PBXProject "Leo" */ = {
			isa = XCConfigurationList;
			buildConfigurations = (
				FC2B9C3B3F55C0DB7C75A4B5 /* Debug */,
				0C381AC236B94A2BB53A7659 /* Release */,
			);
			defaultConfigurationIsVisible = 0;
			defaultConfigurationName = Debug;
		};
		1EDDB32B4838516063AC53AD /* Build configuration list for PBXNativeTarget "LeoTests" */ = {
			isa = XCConfigurationList;
			buildConfigurations = (
				8FB6804BCDA72FC2A5148109 /* Debug */,
				E43ED4CBDFD29432E5BF527A /* Release */,
			);
			defaultConfigurationIsVisible = 0;
			defaultConfigurationName = Debug;
		};
		270E99E7A1237D30D017D694 /* Build configuration list for PBXNativeTarget "Leo" */ = {
			isa = XCConfigurationList;
			buildConfigurations = (
				90121B9C1C728DC8DEB64EAC /* Debug */,
				1F41DFCB529776B02FF12440 /* Release */,
			);
			defaultConfigurationIsVisible = 0;
			defaultConfigurationName = Debug;
		};
/* End XCConfigurationList section */

/* Begin XCRemoteSwiftPackageReference section */
		5F14765090AD0083360C62D8 /* XCRemoteSwiftPackageReference "HotKey" */ = {
			isa = XCRemoteSwiftPackageReference;
			repositoryURL = "https://github.com/soffes/HotKey";
			requirement = {
				kind = upToNextMajorVersion;
				minimumVersion = 0.2.0;
			};
		};
/* End XCRemoteSwiftPackageReference section */

/* Begin XCSwiftPackageProductDependency section */
		4B6A0AD02B5A7426A1595561 /* HotKey */ = {
			isa = XCSwiftPackageProductDependency;
			package = 5F14765090AD0083360C62D8 /* XCRemoteSwiftPackageReference "HotKey" */;
			productName = HotKey;
		};
/* End XCSwiftPackageProductDependency section */
	};
	rootObject = 2468BBBB006AD3FECCD49385 /* Project object */;
}
